
Microsoft Visual Studio Solution File, Format Version 12.00
# Visual Studio Version 17
VisualStudioVersion = 17.3.32922.545
MinimumVisualStudioVersion = 10.0.40219.1
Project("{FAE04EC0-301F-11D3-BF4B-00C04F79EFBC}") = "Klasa Pudełko", "Klasa Pudełko\Klasa Pudełko.csproj", "{01FDC593-911B-496B-B7F4-175E9A85FE7E}"
EndProject
Project("{FAE04EC0-301F-11D3-BF4B-00C04F79EFBC}") = "UnitTestProject", "UnitTestProject\UnitTestProject.csproj", "{5862E81F-1253-4FE8-9019-38FFD34A4E6A}"
EndProject
Global
	GlobalSection(SolutionConfigurationPlatforms) = preSolution
		Debug|Any CPU = Debug|Any CPU
		Release|Any CPU = Release|Any CPU
	EndGlobalSection
	GlobalSection(ProjectConfigurationPlatforms) = postSolution
		{01FDC593-911B-496B-B7F4-175E9A85FE7E}.Debug|Any CPU.ActiveCfg = Debug|Any CPU
		{01FDC593-911B-496B-B7F4-175E9A85FE7E}.Debug|Any CPU.Build.0 = Debug|Any CPU
		{01FDC593-911B-496B-B7F4-175E9A85FE7E}.Release|Any CPU.ActiveCfg = Release|Any CPU
		{01FDC593-911B-496B-B7F4-175E9A85FE7E}.Release|Any CPU.Build.0 = Release|Any CPU
		{5862E81F-1253-4FE8-9019-38FFD34A4E6A}.Debug|Any CPU.ActiveCfg = Debug|Any CPU
		{5862E81F-1253-4FE8-9019-38FFD34A4E6A}.Debug|Any CPU.Build.0 = Debug|Any CPU
		{5862E81F-1253-4FE8-9019-38FFD34A4E6A}.Release|Any CPU.ActiveCfg = Release|Any CPU
		{5862E81F-1253-4FE8-9019-38FFD34A4E6A}.Release|Any CPU.Build.0 = Release|Any CPU
	EndGlobalSection
	GlobalSection(SolutionProperties) = preSolution
		HideSolutionNode = FALSE
	EndGlobalSection
	GlobalSection(ExtensibilityGlobals) = postSolution
		SolutionGuid = {3228CE92-0E1D-4BB6-BA61-A58D5AF9685F}
	EndGlobalSection
EndGlobal
